{
  "name": "kendo-vue-vite",
  "version": "0.0.0",
  "lockfileVersion": 1,
  "requires": true,
  "dependencies": {
    "@babel/parser": {
      "version": "7.17.0",
      "resolved": "https://registry.npmjs.org/@babel/parser/-/parser-7.17.0.tgz",
      "integrity": "sha512-VKXSCQx5D8S04ej+Dqsr1CzYvvWgf20jIw2D+YhQCrIlr2UZGaDds23Y0xg75/skOxpLCRpUZvk/1EAVkGoDOw=="
    },
    "@progress/jszip-esm": {
      "version": "1.0.3",
      "resolved": "https://registry.npmjs.org/@progress/jszip-esm/-/jszip-esm-1.0.3.tgz",
      "integrity": "sha512-qu5qeIlUsJX0Z2oi3Aax3gvfjKrrtVzQ2LIEhmw2CVWffZ0JvtifiomyJOc0ZFk7oEyEyrVvab97bqKkNCKvfQ==",
      "requires": {
        "@progress/pako-esm": "^1.0.1"
      }
    },
    "@progress/kendo-data-query": {
      "version": "1.5.5",
      "resolved": "https://registry.npmjs.org/@progress/kendo-data-query/-/kendo-data-query-1.5.5.tgz",
      "integrity": "sha512-V0Q4mgooLM/mThJnuSYI7bt7ZBQj3dwUHrubZEB6kkPu82p6KVLkTC9db3L3H/NFA9NvoioLRjSyccUMQlxcTw==",
      "requires": {
        "tslib": "^1.7.0"
      }
    },
    "@progress/kendo-date-math": {
      "version": "1.5.1",
      "resolved": "https://registry.npmjs.org/@progress/kendo-date-math/-/kendo-date-math-1.5.1.tgz",
      "integrity": "sha512-/PsYT6heUHpMOu5hKC9AcF4U4cRNFLSUAyVVAkFEm6w7OsqlCA7XQjVmnxL3+439qFPe0JZ1QEw3CwGAqn9njQ==",
      "requires": {
        "tslib": "^1.7.0"
      }
    },
    "@progress/kendo-drawing": {
      "version": "1.16.2",
      "resolved": "https://registry.npmjs.org/@progress/kendo-drawing/-/kendo-drawing-1.16.2.tgz",
      "integrity": "sha512-pEC3HAagq3nN6DE81iAAVcfwy0mnpe2Wje/U5gKRIm5ZmCVe6OWjWrT8wLJtqRiAAu1tKqFghlKscFg9+h46Kg==",
      "requires": {
        "@progress/pako-esm": "^1.0.1"
      }
    },
    "@progress/kendo-file-saver": {
      "version": "1.1.0",
      "resolved": "https://registry.npmjs.org/@progress/kendo-file-saver/-/kendo-file-saver-1.1.0.tgz",
      "integrity": "sha512-26iPl67d0izUlzU6p98QM5f/spOK3QCdmSJrEzGakw1Yp0qyFmp2V9uKeswfWgX0NhKmJApWjlAxxrtRvYjHYA=="
    },
    "@progress/kendo-licensing": {
      "version": "1.2.2",
      "resolved": "https://registry.npmjs.org/@progress/kendo-licensing/-/kendo-licensing-1.2.2.tgz",
      "integrity": "sha512-DUGwVHmaIFrGkKdO2NjajfNBrLc0Jo0o11WTmo9AkqWzMT+zAOu0D5aghnWGPkPg3e8+T5m9dEZvWPw4eJP4Sw==",
      "requires": {
        "jsonwebtoken": "^8.5.1"
      }
    },
    "@progress/kendo-ooxml": {
      "version": "1.6.3",
      "resolved": "https://registry.npmjs.org/@progress/kendo-ooxml/-/kendo-ooxml-1.6.3.tgz",
      "integrity": "sha512-Rgs0mwNQqxeAow2RFET/tgCvgsl9VlD8lHePuMbUX+o0hdZLaAaSjEatHZPw8zLrqy7ToTa4vi+1wdnsIdMGog==",
      "requires": {
        "@progress/jszip-esm": "^1.0.3",
        "@progress/pako-esm": "^1.0.1"
      }
    },
    "@progress/kendo-popup-common": {
      "version": "1.9.0",
      "resolved": "https://registry.npmjs.org/@progress/kendo-popup-common/-/kendo-popup-common-1.9.0.tgz",
      "integrity": "sha512-03FmQtRI2le3x78N1szlhtUkOyruq9aSf2SYCoyvd72mX9V9yAbqsoKByuFDazEbjHyHFkAmj32GrimWHevLCg=="
    },
    "@progress/kendo-vue-animation": {
      "version": "3.0.5",
      "resolved": "https://registry.npmjs.org/@progress/kendo-vue-animation/-/kendo-vue-animation-3.0.5.tgz",
      "integrity": "sha512-ngsU+af1GMy1tOl+oC9g4tCutL5k6vCiDCg9GormOu+v2aoeYqnOsjcEq00znSfzIJ7ubmgO/JgNOiiy6P0f/w==",
      "requires": {
        "@progress/kendo-vue-common": "3.0.5"
      }
    },
    "@progress/kendo-vue-buttons": {
      "version": "3.0.5",
      "resolved": "https://registry.npmjs.org/@progress/kendo-vue-buttons/-/kendo-vue-buttons-3.0.5.tgz",
      "integrity": "sha512-jcUhTdfXNbHKNZuqk4bnjdztnGV3id5AA1ztEwBg26aDMI6G8gvKjinZKs/gJoHn1dKw8x8Jx8KoVjIL/uhXXw==",
      "requires": {
        "@progress/kendo-vue-common": "3.0.5",
        "@progress/kendo-vue-popup": "3.0.5"
      }
    },
    "@progress/kendo-vue-common": {
      "version": "3.0.5",
      "resolved": "https://registry.npmjs.org/@progress/kendo-vue-common/-/kendo-vue-common-3.0.5.tgz",
      "integrity": "sha512-4v6ClU6bOkUmyJnLXqxUhLnHAiI0E8YIXhBFBjs9pGBWikXls1BCnzsOOJ3q09EEhDDvM0ZSLW1By5RysSNumA==",
      "requires": {
        "@telerik/kendo-draggable": "2.2.0"
      }
    },
    "@progress/kendo-vue-data-tools": {
      "version": "3.0.5",
      "resolved": "https://registry.npmjs.org/@progress/kendo-vue-data-tools/-/kendo-vue-data-tools-3.0.5.tgz",
      "integrity": "sha512-1Y/Q6qfNQkiGqhGskrTssTEmPkGe7BaxP4jZoHHaIESorN3TzKNdIFUAgf1SMjZ143o0govFh/jrCI1HS4i1mA==",
      "requires": {
        "@progress/kendo-vue-common": "3.0.5"
      }
    },
    "@progress/kendo-vue-dateinputs": {
      "version": "3.0.5",
      "resolved": "https://registry.npmjs.org/@progress/kendo-vue-dateinputs/-/kendo-vue-dateinputs-3.0.5.tgz",
      "integrity": "sha512-7JbRaiUyDW2Tq5RHAVWI4pXLeeJhdbzNPP1GyHb0T0CjanuGJtJf3GcDcMEoVKYsVKJz8eR9bxKZnuViC23ceA==",
      "requires": {
        "@progress/kendo-date-math": "1.5.1",
        "@progress/kendo-vue-buttons": "3.0.5",
        "@progress/kendo-vue-common": "3.0.5",
        "@progress/kendo-vue-labels": "3.0.5",
        "@progress/kendo-vue-popup": "3.0.5"
      }
    },
    "@progress/kendo-vue-dialogs": {
      "version": "3.0.5",
      "resolved": "https://registry.npmjs.org/@progress/kendo-vue-dialogs/-/kendo-vue-dialogs-3.0.5.tgz",
      "integrity": "sha512-RsvdupBkNaig44x5YlBLg9PVLboqfY6usNk34ErXtL+3WeEXTK0W/fzpzPzjfAxXmIS8/JSRz9ImFlUjSxKpYg==",
      "requires": {
        "@progress/kendo-vue-buttons": "3.0.5",
        "@progress/kendo-vue-common": "3.0.5"
      }
    },
    "@progress/kendo-vue-dropdowns": {
      "version": "3.0.5",
      "resolved": "https://registry.npmjs.org/@progress/kendo-vue-dropdowns/-/kendo-vue-dropdowns-3.0.5.tgz",
      "integrity": "sha512-yUcA69ILO7YMY1viuNqKZdUkbNnKFNccQ/FL+1UF7t4U12C7R8cVqKiwXiKOnw2rMr+R7e8UxBwl3zNfuUtMoQ==",
      "requires": {
        "@progress/kendo-vue-buttons": "3.0.5",
        "@progress/kendo-vue-common": "3.0.5",
        "@progress/kendo-vue-popup": "3.0.5"
      }
    },
    "@progress/kendo-vue-excel-export": {
      "version": "3.0.5",
      "resolved": "https://registry.npmjs.org/@progress/kendo-vue-excel-export/-/kendo-vue-excel-export-3.0.5.tgz",
      "integrity": "sha512-IyEKsXErJ3ZRre5Vz1+1HRd32Grf/NvyPYACfL3wdmfMaX137UjJUqdeSLGHANWGYR8hhwPxyIngC1B8aYLKxQ==",
      "requires": {
        "@progress/kendo-file-saver": "^1.1.0",
        "@progress/kendo-ooxml": "^1.6.1",
        "@progress/kendo-vue-common": "3.0.5"
      }
    },
    "@progress/kendo-vue-grid": {
      "version": "3.0.5",
      "resolved": "https://registry.npmjs.org/@progress/kendo-vue-grid/-/kendo-vue-grid-3.0.5.tgz",
      "integrity": "sha512-0ka/Ce1x2sTEc77OL6hbi8JpcnEB+o57ALn6uplL/WYfX15VSyvsGmphok8g8LA2yWcWKKjhXsE3ZirpvAsvcQ==",
      "requires": {
        "@progress/kendo-vue-common": "3.0.5"
      }
    },
    "@progress/kendo-vue-inputs": {
      "version": "3.0.5",
      "resolved": "https://registry.npmjs.org/@progress/kendo-vue-inputs/-/kendo-vue-inputs-3.0.5.tgz",
      "integrity": "sha512-KHfCWLmxL/VXy7P8Oxov6QoA2lseECwglyjYhnyUvhecuQwjYY+ZTnTqFNISRGcnuSwuaJM9rvm+Qtn5grJ1bw==",
      "requires": {
        "@progress/kendo-vue-buttons": "3.0.5",
        "@progress/kendo-vue-common": "3.0.5",
        "@progress/kendo-vue-labels": "3.0.5",
        "@progress/kendo-vue-popup": "3.0.5"
      }
    },
    "@progress/kendo-vue-intl": {
      "version": "3.0.5",
      "resolved": "https://registry.npmjs.org/@progress/kendo-vue-intl/-/kendo-vue-intl-3.0.5.tgz",
      "integrity": "sha512-w3J6HVX7d2GXVPnWZXMPhG1pEgKBBx/xCzDJBNrPnMtfiOQH5DsDgUECkCZ//9utCPuCkRWsZ2ov0PR9ywnd4g==",
      "requires": {
        "@progress/kendo-vue-common": "3.0.5",
        "@telerik/kendo-intl": "^2.2.0"
      }
    },
    "@progress/kendo-vue-labels": {
      "version": "3.0.5",
      "resolved": "https://registry.npmjs.org/@progress/kendo-vue-labels/-/kendo-vue-labels-3.0.5.tgz",
      "integrity": "sha512-bITyU4F0tG8r4qa2flpqTj8cE+sZBFgjI9B4CXyRHLXnP0tuoprrcL6HPavdA0soO9vuzo+mvzw+U3iYCFL1ag==",
      "requires": {
        "@progress/kendo-vue-common": "3.0.5"
      }
    },
    "@progress/kendo-vue-pdf": {
      "version": "3.0.5",
      "resolved": "https://registry.npmjs.org/@progress/kendo-vue-pdf/-/kendo-vue-pdf-3.0.5.tgz",
      "integrity": "sha512-WGLPz4Ir7TJB494hSWGHw9ollubj5yZZBQjcw9vQ6/Hkq29LkUineSKT3xRM7gIPpUu91vBeQnvAQGaZlpViYw==",
      "requires": {
        "@progress/kendo-file-saver": "^1.1.0",
        "@progress/kendo-vue-common": "3.0.5"
      }
    },
    "@progress/kendo-vue-popup": {
      "version": "3.0.5",
      "resolved": "https://registry.npmjs.org/@progress/kendo-vue-popup/-/kendo-vue-popup-3.0.5.tgz",
      "integrity": "sha512-cINflYk8JwG4IHTtKXNVhsAIKP4fDsp7vKrCszEKQ2SWOzV/B9KYu692HykyO0n+th7gDTfpcvJaGvZ08yIrEA==",
      "requires": {
        "@progress/kendo-popup-common": "^1.6.1",
        "@progress/kendo-vue-animation": "3.0.5",
        "@progress/kendo-vue-common": "3.0.5"
      }
    },
    "@progress/pako-esm": {
      "version": "1.0.1",
      "resolved": "https://registry.npmjs.org/@progress/pako-esm/-/pako-esm-1.0.1.tgz",
      "integrity": "sha512-O4A3b1EuE9Xe1pC3Xz9Tcn1M/CYrL71f4y/5TXeytOVTkmkzBgYW97fYP2f+54H0e0erWRaqV/kUUB/a8Uxfbw=="
    },
    "@telerik/kendo-draggable": {
      "version": "2.2.0",
      "resolved": "https://registry.npmjs.org/@telerik/kendo-draggable/-/kendo-draggable-2.2.0.tgz",
      "integrity": "sha512-78ofOzRpisqPjG51LfLQ4FEWoGJXs4PkzyJSdVklyFw6gtAnj/T6dp7mHIMj8BivVkN9FjNgf4Eo/mdYs9fusQ=="
    },
    "@telerik/kendo-intl": {
      "version": "2.3.0",
      "resolved": "https://registry.npmjs.org/@telerik/kendo-intl/-/kendo-intl-2.3.0.tgz",
      "integrity": "sha512-IFNL37+I8hvO1G6SsW65ixTqkCtPZDH1SlJ33xEKpjCjVwrC/oLCJjuK+EF5buXSPK0iw0YSvlY6hDHAzAYF6g=="
    },
    "@vitejs/plugin-vue": {
      "version": "2.2.0",
      "resolved": "https://registry.npmjs.org/@vitejs/plugin-vue/-/plugin-vue-2.2.0.tgz",
      "integrity": "sha512-wXigM1EwN2G7rZcwG6kLk9ivvIMhx2363tCEvMBiXcTu5nePM/12hUPVzPb83Uugt6U+zom1gTpJopi/Ow/jwg==",
      "dev": true
    },
    "@vue/compiler-core": {
      "version": "3.2.30",
      "resolved": "https://registry.npmjs.org/@vue/compiler-core/-/compiler-core-3.2.30.tgz",
      "integrity": "sha512-64fq1KfcR+k3Vlw+IsBM2VhV5B+2IP3YxvKU8LWCDLrkmlXtbf2eMK6+0IwX5KP41D0f1gzryIiXR7P8cB9O5Q==",
      "requires": {
        "@babel/parser": "^7.16.4",
        "@vue/shared": "3.2.30",
        "estree-walker": "^2.0.2",
        "source-map": "^0.6.1"
      }
    },
    "@vue/compiler-dom": {
      "version": "3.2.30",
      "resolved": "https://registry.npmjs.org/@vue/compiler-dom/-/compiler-dom-3.2.30.tgz",
      "integrity": "sha512-t7arHz2SXLCXlF2fdGDFVbhENbGMez254Z5edUqb//6WXJU1lC7GvSkUE7i5x8WSjgfqt60i0V8zdmk16rvLdw==",
      "requires": {
        "@vue/compiler-core": "3.2.30",
        "@vue/shared": "3.2.30"
      }
    },
    "@vue/compiler-sfc": {
      "version": "3.2.30",
      "resolved": "https://registry.npmjs.org/@vue/compiler-sfc/-/compiler-sfc-3.2.30.tgz",
      "integrity": "sha512-P/5YpILtcQY92z72gxhkyOUPHVskEzhSrvYi91Xcr+csOxaDaYU5OqOxCzZKcf3Og70Tat404vO1OHrwprN90A==",
      "requires": {
        "@babel/parser": "^7.16.4",
        "@vue/compiler-core": "3.2.30",
        "@vue/compiler-dom": "3.2.30",
        "@vue/compiler-ssr": "3.2.30",
        "@vue/reactivity-transform": "3.2.30",
        "@vue/shared": "3.2.30",
        "estree-walker": "^2.0.2",
        "magic-string": "^0.25.7",
        "postcss": "^8.1.10",
        "source-map": "^0.6.1"
      }
    },
    "@vue/compiler-ssr": {
      "version": "3.2.30",
      "resolved": "https://registry.npmjs.org/@vue/compiler-ssr/-/compiler-ssr-3.2.30.tgz",
      "integrity": "sha512-OUh3MwAu/PsD7VN3UOdBbTkltkrUCNouSht47+CMRzpUR5+ta7+xyMAVHeq8wg4YZenWaJimbR5TL35Ka4Vk6g==",
      "requires": {
        "@vue/compiler-dom": "3.2.30",
        "@vue/shared": "3.2.30"
      }
    },
    "@vue/devtools-api": {
      "version": "6.0.5",
      "resolved": "https://registry.npmjs.org/@vue/devtools-api/-/devtools-api-6.0.5.tgz",
      "integrity": "sha512-2nM84dzo3B63pKgxwoArlT1d/yqSL0y2lG2GiyyGhwpyPTwkfIuJHlCNbputCoSCNnT6MMfenK1g7nv7Mea19A=="
    },
    "@vue/reactivity": {
      "version": "3.2.30",
      "resolved": "https://registry.npmjs.org/@vue/reactivity/-/reactivity-3.2.30.tgz",
      "integrity": "sha512-qlNKbkRn2JiGxVUEdoXbLAy+vcuHUCcq+YH2uXWz0BNMvXY2plmz+oqsw+694llwmYLkke5lbdYF4DIupisIkg==",
      "requires": {
        "@vue/shared": "3.2.30"
      }
    },
    "@vue/reactivity-transform": {
      "version": "3.2.30",
      "resolved": "https://registry.npmjs.org/@vue/reactivity-transform/-/reactivity-transform-3.2.30.tgz",
      "integrity": "sha512-Le5XzCJyK3qTjoTnvQG/Ehu8fYjayauMNFyMaEnwFlm/avDofpuibpS9u+/6AgzsGnVWN+i0Jgf25bJd9DIwMw==",
      "requires": {
        "@babel/parser": "^7.16.4",
        "@vue/compiler-core": "3.2.30",
        "@vue/shared": "3.2.30",
        "estree-walker": "^2.0.2",
        "magic-string": "^0.25.7"
      }
    },
    "@vue/runtime-core": {
      "version": "3.2.30",
      "resolved": "https://registry.npmjs.org/@vue/runtime-core/-/runtime-core-3.2.30.tgz",
      "integrity": "sha512-RTi7xH0Ht/6wfbo2WFBMJTEiyWFTqGhrksJm8lz6E+auO6lXZ6Eq3gPNfLt47GDWCm4xyrv+rs5R4UbarPEQ1Q==",
      "requires": {
        "@vue/reactivity": "3.2.30",
        "@vue/shared": "3.2.30"
      }
    },
    "@vue/runtime-dom": {
      "version": "3.2.30",
      "resolved": "https://registry.npmjs.org/@vue/runtime-dom/-/runtime-dom-3.2.30.tgz",
      "integrity": "sha512-a3+jrncDvEFQmB+v9k0VyT4/Y3XO6OAueCroXXY4yLyr6PJeyxljweV5TzvW0rvVzH9sZO0QAvG76Lo+6C92Qw==",
      "requires": {
        "@vue/runtime-core": "3.2.30",
        "@vue/shared": "3.2.30",
        "csstype": "^2.6.8"
      }
    },
    "@vue/server-renderer": {
      "version": "3.2.30",
      "resolved": "https://registry.npmjs.org/@vue/server-renderer/-/server-renderer-3.2.30.tgz",
      "integrity": "sha512-pzb8J/w+JdZVOtuKFlirGqrs4GP60FXGDJySw3WV2pCetuFstaacDrnymEeSo3ohAD+Qjv7zAG+Y7OvkdxQxmQ==",
      "requires": {
        "@vue/compiler-ssr": "3.2.30",
        "@vue/shared": "3.2.30"
      }
    },
    "@vue/shared": {
      "version": "3.2.30",
      "resolved": "https://registry.npmjs.org/@vue/shared/-/shared-3.2.30.tgz",
      "integrity": "sha512-B3HouBtUxcfu2w2d+VhdLcVBXKYYhXiFMAfQ+hoe8NUhKkPRkWDIqhpuehCZxVQ3S2dN1P1WfKGlxGC+pfmxGg=="
    },
    "buffer-equal-constant-time": {
      "version": "1.0.1",
      "resolved": "https://registry.npmjs.org/buffer-equal-constant-time/-/buffer-equal-constant-time-1.0.1.tgz",
      "integrity": "sha1-+OcRMvf/5uAaXJaXpMbz5I1cyBk="
    },
    "cldr-core": {
      "version": "40.0.0",
      "resolved": "https://registry.npmjs.org/cldr-core/-/cldr-core-40.0.0.tgz",
      "integrity": "sha512-0nmiOR9I2ImfspRTvFhzF7uXYtVCnHMYULrIncArrsnICUxNnZVEJ6pHPRUtB3J8i4VkwQQMRcs9yl4+wxVP4g=="
    },
    "cldr-dates-full": {
      "version": "40.0.0",
      "resolved": "https://registry.npmjs.org/cldr-dates-full/-/cldr-dates-full-40.0.0.tgz",
      "integrity": "sha512-AqsXdzaga/kN2+Gbtj72ztWjFG+JdnZd2Yu5SNZb7ZwWR6zESGXOdymPaR3phKosIpsNrDsye1RQC33pv+fOAw=="
    },
    "cldr-numbers-full": {
      "version": "40.0.0",
      "resolved": "https://registry.npmjs.org/cldr-numbers-full/-/cldr-numbers-full-40.0.0.tgz",
      "integrity": "sha512-NE5uKg0JDAcg5Pn6MKDg50cAKkUQtMd+mOxGPfDZVL+JRUHimQFvY/21KuzLBTI1i1IDbhEF9so/iXMmUJugPg=="
    },
    "csstype": {
      "version": "2.6.19",
      "resolved": "https://registry.npmjs.org/csstype/-/csstype-2.6.19.tgz",
      "integrity": "sha512-ZVxXaNy28/k3kJg0Fou5MiYpp88j7H9hLZp8PDC3jV0WFjfH5E9xHb56L0W59cPbKbcHXeP4qyT8PrHp8t6LcQ=="
    },
    "ecdsa-sig-formatter": {
      "version": "1.0.11",
      "resolved": "https://registry.npmjs.org/ecdsa-sig-formatter/-/ecdsa-sig-formatter-1.0.11.tgz",
      "integrity": "sha512-nagl3RYrbNv6kQkeJIpt6NJZy8twLB/2vtz6yN9Z4vRKHN4/QZJIEbqohALSgwKdnksuY3k5Addp5lg8sVoVcQ==",
      "requires": {
        "safe-buffer": "^5.0.1"
      }
    },
    "esbuild": {
      "version": "0.14.21",
      "resolved": "https://registry.npmjs.org/esbuild/-/esbuild-0.14.21.tgz",
      "integrity": "sha512-7WEoNMBJdLN993dr9h0CpFHPRc3yFZD+EAVY9lg6syJJ12gc5fHq8d75QRExuhnMkT2DaRiIKFThRvDWP+fO+A==",
      "dev": true,
      "requires": {
        "esbuild-android-arm64": "0.14.21",
        "esbuild-darwin-64": "0.14.21",
        "esbuild-darwin-arm64": "0.14.21",
        "esbuild-freebsd-64": "0.14.21",
        "esbuild-freebsd-arm64": "0.14.21",
        "esbuild-linux-32": "0.14.21",
        "esbuild-linux-64": "0.14.21",
        "esbuild-linux-arm": "0.14.21",
        "esbuild-linux-arm64": "0.14.21",
        "esbuild-linux-mips64le": "0.14.21",
        "esbuild-linux-ppc64le": "0.14.21",
        "esbuild-linux-riscv64": "0.14.21",
        "esbuild-linux-s390x": "0.14.21",
        "esbuild-netbsd-64": "0.14.21",
        "esbuild-openbsd-64": "0.14.21",
        "esbuild-sunos-64": "0.14.21",
        "esbuild-windows-32": "0.14.21",
        "esbuild-windows-64": "0.14.21",
        "esbuild-windows-arm64": "0.14.21"
      }
    },
    "esbuild-android-arm64": {
      "version": "0.14.21",
      "resolved": "https://registry.npmjs.org/esbuild-android-arm64/-/esbuild-android-arm64-0.14.21.tgz",
      "integrity": "sha512-Bqgld1TY0wZv8TqiQmVxQFgYzz8ZmyzT7clXBDZFkOOdRybzsnj8AZuK1pwcLVA7Ya6XncHgJqIao7NFd3s0RQ==",
      "dev": true,
      "optional": true
    },
    "esbuild-darwin-64": {
      "version": "0.14.21",
      "resolved": "https://registry.npmjs.org/esbuild-darwin-64/-/esbuild-darwin-64-0.14.21.tgz",
      "integrity": "sha512-j+Eg+e13djzyYINVvAbOo2/zvZ2DivuJJTaBrJnJHSD7kUNuGHRkHoSfFjbI80KHkn091w350wdmXDNSgRjfYQ==",
      "dev": true,
      "optional": true
    },
    "esbuild-darwin-arm64": {
      "version": "0.14.21",
      "resolved": "https://registry.npmjs.org/esbuild-darwin-arm64/-/esbuild-darwin-arm64-0.14.21.tgz",
      "integrity": "sha512-nDNTKWDPI0RuoPj5BhcSB2z5EmZJJAyRtZLIjyXSqSpAyoB8eyAKXl4lB8U2P78Fnh4Lh1le/fmpewXE04JhBQ==",
      "dev": true,
      "optional": true
    },
    "esbuild-freebsd-64": {
      "version": "0.14.21",
      "resolved": "https://registry.npmjs.org/esbuild-freebsd-64/-/esbuild-freebsd-64-0.14.21.tgz",
      "integrity": "sha512-zIurkCHXhxELiDZtLGiexi8t8onQc2LtuE+S7457H/pP0g0MLRKMrsn/IN4LDkNe6lvBjuoZZi2OfelOHn831g==",
      "dev": true,
      "optional": true
    },
    "esbuild-freebsd-arm64": {
      "version": "0.14.21",
      "resolved": "https://registry.npmjs.org/esbuild-freebsd-arm64/-/esbuild-freebsd-arm64-0.14.21.tgz",
      "integrity": "sha512-wdxMmkJfbwcN+q85MpeUEamVZ40FNsBa9mPq8tAszDn8TRT2HoJvVRADPIIBa9SWWwlDChIMjkDKAnS3KS/sPA==",
      "dev": true,
      "optional": true
    },
    "esbuild-linux-32": {
      "version": "0.14.21",
      "resolved": "https://registry.npmjs.org/esbuild-linux-32/-/esbuild-linux-32-0.14.21.tgz",
      "integrity": "sha512-fmxvyzOPPh2xiEHojpCeIQP6pXcoKsWbz3ryDDIKLOsk4xp3GbpHIEAWP0xTeuhEbendmvBDVKbAVv3PnODXLg==",
      "dev": true,
      "optional": true
    },
    "esbuild-linux-64": {
      "version": "0.14.21",
      "resolved": "https://registry.npmjs.org/esbuild-linux-64/-/esbuild-linux-64-0.14.21.tgz",
      "integrity": "sha512-edZyNOv1ql+kpmlzdqzzDjRQYls+tSyi4QFi+PdBhATJFUqHsnNELWA9vMSzAaInPOEaVUTA5Ml28XFChcy4DA==",
      "dev": true,
      "optional": true
    },
    "esbuild-linux-arm": {
      "version": "0.14.21",
      "resolved": "https://registry.npmjs.org/esbuild-linux-arm/-/esbuild-linux-arm-0.14.21.tgz",
      "integrity": "sha512-aSU5pUueK6afqmLQsbU+QcFBT62L+4G9hHMJDHWfxgid6hzhSmfRH9U/f+ymvxsSTr/HFRU4y7ox8ZyhlVl98w==",
      "dev": true,
      "optional": true
    },
    "esbuild-linux-arm64": {
      "version": "0.14.21",
      "resolved": "https://registry.npmjs.org/esbuild-linux-arm64/-/esbuild-linux-arm64-0.14.21.tgz",
      "integrity": "sha512-t5qxRkq4zdQC0zXpzSB2bTtfLgOvR0C6BXYaRE/6/k8/4SrkZcTZBeNu+xGvwCU4b5dU9ST9pwIWkK6T1grS8g==",
      "dev": true,
      "optional": true
    },
    "esbuild-linux-mips64le": {
      "version": "0.14.21",
      "resolved": "https://registry.npmjs.org/esbuild-linux-mips64le/-/esbuild-linux-mips64le-0.14.21.tgz",
      "integrity": "sha512-jLZLQGCNlUsmIHtGqNvBs3zN+7a4D9ckf0JZ+jQTwHdZJ1SgV9mAjbB980OFo66LoY+WeM7t3WEnq3FjI1zw4A==",
      "dev": true,
      "optional": true
    },
    "esbuild-linux-ppc64le": {
      "version": "0.14.21",
      "resolved": "https://registry.npmjs.org/esbuild-linux-ppc64le/-/esbuild-linux-ppc64le-0.14.21.tgz",
      "integrity": "sha512-4TWxpK391en2UBUw6GSrukToTDu6lL9vkm3Ll40HrI08WG3qcnJu7bl8e1+GzelDsiw1QmfAY/nNvJ6iaHRpCQ==",
      "dev": true,
      "optional": true
    },
    "esbuild-linux-riscv64": {
      "version": "0.14.21",
      "resolved": "https://registry.npmjs.org/esbuild-linux-riscv64/-/esbuild-linux-riscv64-0.14.21.tgz",
      "integrity": "sha512-fElngqOaOfTsF+u+oetDLHsPG74vB2ZaGZUqmGefAJn3a5z9Z2pNa4WpVbbKgHpaAAy5tWM1m1sbGohj6Ki6+Q==",
      "dev": true,
      "optional": true
    },
    "esbuild-linux-s390x": {
      "version": "0.14.21",
      "resolved": "https://registry.npmjs.org/esbuild-linux-s390x/-/esbuild-linux-s390x-0.14.21.tgz",
      "integrity": "sha512-brleZ6R5fYv0qQ7ZBwenQmP6i9TdvJCB092c/3D3pTLQHBGHJb5zWgKxOeS7bdHzmLy6a6W7GbFk6QKpjyD6QA==",
      "dev": true,
      "optional": true
    },
    "esbuild-netbsd-64": {
      "version": "0.14.21",
      "resolved": "https://registry.npmjs.org/esbuild-netbsd-64/-/esbuild-netbsd-64-0.14.21.tgz",
      "integrity": "sha512-nCEgsLCQ8RoFWVV8pVI+kX66ICwbPP/M9vEa0NJGIEB/Vs5sVGMqkf67oln90XNSkbc0bPBDuo4G6FxlF7PN8g==",
      "dev": true,
      "optional": true
    },
    "esbuild-openbsd-64": {
      "version": "0.14.21",
      "resolved": "https://registry.npmjs.org/esbuild-openbsd-64/-/esbuild-openbsd-64-0.14.21.tgz",
      "integrity": "sha512-h9zLMyVD0T73MDTVYIb/qUTokwI6EJH9O6wESuTNq6+XpMSr6C5aYZ4fvFKdNELW+Xsod+yDS2hV2JTUAbFrLA==",
      "dev": true,
      "optional": true
    },
    "esbuild-sunos-64": {
      "version": "0.14.21",
      "resolved": "https://registry.npmjs.org/esbuild-sunos-64/-/esbuild-sunos-64-0.14.21.tgz",
      "integrity": "sha512-Kl+7Cot32qd9oqpLdB1tEGXEkjBlijrIxMJ0+vlDFaqsODutif25on0IZlFxEBtL2Gosd4p5WCV1U7UskNQfXA==",
      "dev": true,
      "optional": true
    },
    "esbuild-windows-32": {
      "version": "0.14.21",
      "resolved": "https://registry.npmjs.org/esbuild-windows-32/-/esbuild-windows-32-0.14.21.tgz",
      "integrity": "sha512-V7vnTq67xPBUCk/9UtlolmQ798Ecjdr1ZoI1vcSgw7M82aSSt0eZdP6bh5KAFZU8pxDcx3qoHyWQfHYr11f22A==",
      "dev": true,
      "optional": true
    },
    "esbuild-windows-64": {
      "version": "0.14.21",
      "resolved": "https://registry.npmjs.org/esbuild-windows-64/-/esbuild-windows-64-0.14.21.tgz",
      "integrity": "sha512-kDgHjKOHwjfJDCyRGELzVxiP/RBJBTA+wyspf78MTTJQkyPuxH2vChReNdWc+dU2S4gIZFHMdP1Qrl/k22ZmaA==",
      "dev": true,
      "optional": true
    },
    "esbuild-windows-arm64": {
      "version": "0.14.21",
      "resolved": "https://registry.npmjs.org/esbuild-windows-arm64/-/esbuild-windows-arm64-0.14.21.tgz",
      "integrity": "sha512-8Sbo0zpzgwWrwjQYLmHF78f7E2xg5Ve63bjB2ng3V2aManilnnTGaliq2snYg+NOX60+hEvJHRdVnuIAHW0lVw==",
      "dev": true,
      "optional": true
    },
    "estree-walker": {
      "version": "2.0.2",
      "resolved": "https://registry.npmjs.org/estree-walker/-/estree-walker-2.0.2.tgz",
      "integrity": "sha512-Rfkk/Mp/DL7JVje3u18FxFujQlTNR2q6QfMSMB7AvCBx91NGj/ba3kCfza0f6dVDbw7YlRf/nDrn7pQrCCyQ/w=="
    },
    "fsevents": {
      "version": "2.3.2",
      "resolved": "https://registry.npmjs.org/fsevents/-/fsevents-2.3.2.tgz",
      "integrity": "sha512-xiqMQR4xAeHTuB9uWm+fFRcIOgKBMiOBP+eXiyT7jsgVCq1bkVygt00oASowB7EdtpOHaaPgKt812P9ab+DDKA==",
      "dev": true,
      "optional": true
    },
    "function-bind": {
      "version": "1.1.1",
      "resolved": "https://registry.npmjs.org/function-bind/-/function-bind-1.1.1.tgz",
      "integrity": "sha512-yIovAzMX49sF8Yl58fSCWJ5svSLuaibPxXQJFLmBObTuCr0Mf1KiPopGM9NiFjiYBCbfaa2Fh6breQ6ANVTI0A==",
      "dev": true
    },
    "has": {
      "version": "1.0.3",
      "resolved": "https://registry.npmjs.org/has/-/has-1.0.3.tgz",
      "integrity": "sha512-f2dvO0VU6Oej7RkWJGrehjbzMAjFp5/VKPp5tTpWIV4JHHZK1/BxbFRtf/siA2SWTe09caDmVtYYzWEIbBS4zw==",
      "dev": true,
      "requires": {
        "function-bind": "^1.1.1"
      }
    },
    "is-core-module": {
      "version": "2.8.1",
      "resolved": "https://registry.npmjs.org/is-core-module/-/is-core-module-2.8.1.tgz",
      "integrity": "sha512-SdNCUs284hr40hFTFP6l0IfZ/RSrMXF3qgoRHd3/79unUTvrFO/JoXwkGm+5J/Oe3E/b5GsnG330uUNgRpu1PA==",
      "dev": true,
      "requires": {
        "has": "^1.0.3"
      }
    },
    "jsonwebtoken": {
      "version": "8.5.1",
      "resolved": "https://registry.npmjs.org/jsonwebtoken/-/jsonwebtoken-8.5.1.tgz",
      "integrity": "sha512-XjwVfRS6jTMsqYs0EsuJ4LGxXV14zQybNd4L2r0UvbVnSF9Af8x7p5MzbJ90Ioz/9TI41/hTCvznF/loiSzn8w==",
      "requires": {
        "jws": "^3.2.2",
        "lodash.includes": "^4.3.0",
        "lodash.isboolean": "^3.0.3",
        "lodash.isinteger": "^4.0.4",
        "lodash.isnumber": "^3.0.3",
        "lodash.isplainobject": "^4.0.6",
        "lodash.isstring": "^4.0.1",
        "lodash.once": "^4.0.0",
        "ms": "^2.1.1",
        "semver": "^5.6.0"
      }
    },
    "jwa": {
      "version": "1.4.1",
      "resolved": "https://registry.npmjs.org/jwa/-/jwa-1.4.1.tgz",
      "integrity": "sha512-qiLX/xhEEFKUAJ6FiBMbes3w9ATzyk5W7Hvzpa/SLYdxNtng+gcurvrI7TbACjIXlsJyr05/S1oUhZrc63evQA==",
      "requires": {
        "buffer-equal-constant-time": "1.0.1",
        "ecdsa-sig-formatter": "1.0.11",
        "safe-buffer": "^5.0.1"
      }
    },
    "jws": {
      "version": "3.2.2",
      "resolved": "https://registry.npmjs.org/jws/-/jws-3.2.2.tgz",
      "integrity": "sha512-YHlZCB6lMTllWDtSPHz/ZXTsi8S00usEV6v1tjq8tOUZzw7DpSDWVXjXDre6ed1w/pd495ODpHZYSdkRTsa0HA==",
      "requires": {
        "jwa": "^1.4.1",
        "safe-buffer": "^5.0.1"
      }
    },
    "lodash.includes": {
      "version": "4.3.0",
      "resolved": "https://registry.npmjs.org/lodash.includes/-/lodash.includes-4.3.0.tgz",
      "integrity": "sha1-YLuYqHy5I8aMoeUTJUgzFISfVT8="
    },
    "lodash.isboolean": {
      "version": "3.0.3",
      "resolved": "https://registry.npmjs.org/lodash.isboolean/-/lodash.isboolean-3.0.3.tgz",
      "integrity": "sha1-bC4XHbKiV82WgC/UOwGyDV9YcPY="
    },
    "lodash.isinteger": {
      "version": "4.0.4",
      "resolved": "https://registry.npmjs.org/lodash.isinteger/-/lodash.isinteger-4.0.4.tgz",
      "integrity": "sha1-YZwK89A/iwTDH1iChAt3sRzWg0M="
    },
    "lodash.isnumber": {
      "version": "3.0.3",
      "resolved": "https://registry.npmjs.org/lodash.isnumber/-/lodash.isnumber-3.0.3.tgz",
      "integrity": "sha1-POdoEMWSjQM1IwGsKHMX8RwLH/w="
    },
    "lodash.isplainobject": {
      "version": "4.0.6",
      "resolved": "https://registry.npmjs.org/lodash.isplainobject/-/lodash.isplainobject-4.0.6.tgz",
      "integrity": "sha1-fFJqUtibRcRcxpC4gWO+BJf1UMs="
    },
    "lodash.isstring": {
      "version": "4.0.1",
      "resolved": "https://registry.npmjs.org/lodash.isstring/-/lodash.isstring-4.0.1.tgz",
      "integrity": "sha1-1SfftUVuynzJu5XV2ur4i6VKVFE="
    },
    "lodash.once": {
      "version": "4.1.1",
      "resolved": "https://registry.npmjs.org/lodash.once/-/lodash.once-4.1.1.tgz",
      "integrity": "sha1-DdOXEhPHxW34gJd9UEyI+0cal6w="
    },
    "magic-string": {
      "version": "0.25.7",
      "resolved": "https://registry.npmjs.org/magic-string/-/magic-string-0.25.7.tgz",
      "integrity": "sha512-4CrMT5DOHTDk4HYDlzmwu4FVCcIYI8gauveasrdCu2IKIFOJ3f0v/8MDGJCDL9oD2ppz/Av1b0Nj345H9M+XIA==",
      "requires": {
        "sourcemap-codec": "^1.4.4"
      }
    },
    "ms": {
      "version": "2.1.3",
      "resolved": "https://registry.npmjs.org/ms/-/ms-2.1.3.tgz",
      "integrity": "sha512-6FlzubTLZG3J2a/NVCAleEhjzq5oxgHyaCU9yYXvcLsvoVaHJq/s5xXI6/XXP6tz7R9xAOtHnSO/tXtF3WRTlA=="
    },
    "nanoid": {
      "version": "3.2.0",
      "resolved": "https://registry.npmjs.org/nanoid/-/nanoid-3.2.0.tgz",
      "integrity": "sha512-fmsZYa9lpn69Ad5eDn7FMcnnSR+8R34W9qJEijxYhTbfOWzr22n1QxCMzXLK+ODyW2973V3Fux959iQoUxzUIA=="
    },
    "path-parse": {
      "version": "1.0.7",
      "resolved": "https://registry.npmjs.org/path-parse/-/path-parse-1.0.7.tgz",
      "integrity": "sha512-LDJzPVEEEPR+y48z93A0Ed0yXb8pAByGWo/k5YYdYgpY2/2EsOsksJrq7lOHxryrVOn1ejG6oAp8ahvOIQD8sw==",
      "dev": true
    },
    "picocolors": {
      "version": "1.0.0",
      "resolved": "https://registry.npmjs.org/picocolors/-/picocolors-1.0.0.tgz",
      "integrity": "sha512-1fygroTLlHu66zi26VoTDv8yRgm0Fccecssto+MhsZ0D/DGW2sm8E8AjW7NU5VVTRt5GxbeZ5qBuJr+HyLYkjQ=="
    },
    "postcss": {
      "version": "8.4.6",
      "resolved": "https://registry.npmjs.org/postcss/-/postcss-8.4.6.tgz",
      "integrity": "sha512-OovjwIzs9Te46vlEx7+uXB0PLijpwjXGKXjVGGPIGubGpq7uh5Xgf6D6FiJ/SzJMBosHDp6a2hiXOS97iBXcaA==",
      "requires": {
        "nanoid": "^3.2.0",
        "picocolors": "^1.0.0",
        "source-map-js": "^1.0.2"
      }
    },
    "resolve": {
      "version": "1.22.0",
      "resolved": "https://registry.npmjs.org/resolve/-/resolve-1.22.0.tgz",
      "integrity": "sha512-Hhtrw0nLeSrFQ7phPp4OOcVjLPIeMnRlr5mcnVuMe7M/7eBn98A3hmFRLoFo3DLZkivSYwhRUJTyPyWAk56WLw==",
      "dev": true,
      "requires": {
        "is-core-module": "^2.8.1",
        "path-parse": "^1.0.7",
        "supports-preserve-symlinks-flag": "^1.0.0"
      }
    },
    "rollup": {
      "version": "2.67.2",
      "resolved": "https://registry.npmjs.org/rollup/-/rollup-2.67.2.tgz",
      "integrity": "sha512-hoEiBWwZtf1QdK3jZIq59L0FJj4Fiv4RplCO4pvCRC86qsoFurWB4hKQIjoRf3WvJmk5UZ9b0y5ton+62fC7Tw==",
      "dev": true,
      "requires": {
        "fsevents": "~2.3.2"
      }
    },
    "safe-buffer": {
      "version": "5.2.1",
      "resolved": "https://registry.npmjs.org/safe-buffer/-/safe-buffer-5.2.1.tgz",
      "integrity": "sha512-rp3So07KcdmmKbGvgaNxQSJr7bGVSVk5S9Eq1F+ppbRo70+YeaDxkw5Dd8NPN+GD6bjnYm2VuPuCXmpuYvmCXQ=="
    },
    "semver": {
      "version": "5.7.1",
      "resolved": "https://registry.npmjs.org/semver/-/semver-5.7.1.tgz",
      "integrity": "sha512-sauaDf/PZdVgrLTNYHRtpXa1iRiKcaebiKQ1BJdpQlWH2lCvexQdX55snPFyK7QzpudqbCI0qXFfOasHdyNDGQ=="
    },
    "source-map": {
      "version": "0.6.1",
      "resolved": "https://registry.npmjs.org/source-map/-/source-map-0.6.1.tgz",
      "integrity": "sha512-UjgapumWlbMhkBgzT7Ykc5YXUT46F0iKu8SGXq0bcwP5dz/h0Plj6enJqjz1Zbq2l5WaqYnrVbwWOWMyF3F47g=="
    },
    "source-map-js": {
      "version": "1.0.2",
      "resolved": "https://registry.npmjs.org/source-map-js/-/source-map-js-1.0.2.tgz",
      "integrity": "sha512-R0XvVJ9WusLiqTCEiGCmICCMplcCkIwwR11mOSD9CR5u+IXYdiseeEuXCVAjS54zqwkLcPNnmU4OeJ6tUrWhDw=="
    },
    "sourcemap-codec": {
      "version": "1.4.8",
      "resolved": "https://registry.npmjs.org/sourcemap-codec/-/sourcemap-codec-1.4.8.tgz",
      "integrity": "sha512-9NykojV5Uih4lgo5So5dtw+f0JgJX30KCNI8gwhz2J9A15wD0Ml6tjHKwf6fTSa6fAdVBdZeNOs9eJ71qCk8vA=="
    },
    "supports-preserve-symlinks-flag": {
      "version": "1.0.0",
      "resolved": "https://registry.npmjs.org/supports-preserve-symlinks-flag/-/supports-preserve-symlinks-flag-1.0.0.tgz",
      "integrity": "sha512-ot0WnXS9fgdkgIcePe6RHNk1WA8+muPa6cSjeR3V8K27q9BB1rTE3R1p7Hv0z1ZyAc8s6Vvv8DIyWf681MAt0w==",
      "dev": true
    },
    "tslib": {
      "version": "1.14.1",
      "resolved": "https://registry.npmjs.org/tslib/-/tslib-1.14.1.tgz",
      "integrity": "sha512-Xni35NKzjgMrwevysHTCArtLDpPvye8zV/0E4EyYn43P7/7qvQwPh9BGkHewbMulVntbigmcT7rdX3BNo9wRJg=="
    },
    "vite": {
      "version": "2.8.0",
      "resolved": "https://registry.npmjs.org/vite/-/vite-2.8.0.tgz",
      "integrity": "sha512-ed5rjyeysttuPJX/aKSA0gTB/8ZKLM5xF6FtEuKy1B9DiQbDNFMVMQxnb9JesgBPUMMIJxC8w5KZ/KNWLKFXoA==",
      "dev": true,
      "requires": {
        "esbuild": "^0.14.14",
        "fsevents": "~2.3.2",
        "postcss": "^8.4.5",
        "resolve": "^1.22.0",
        "rollup": "^2.59.0"
      }
    },
    "vue": {
      "version": "3.2.30",
      "resolved": "https://registry.npmjs.org/vue/-/vue-3.2.30.tgz",
      "integrity": "sha512-ZmTFWVJUX2XADkuOB8GcLTuxnBLogjJBTNVrM7WsTnjqRQ+VR8bLNrvNsbn8vj/LaP5+0WFAPrpngOYE2x+e+Q==",
      "requires": {
        "@vue/compiler-dom": "3.2.30",
        "@vue/compiler-sfc": "3.2.30",
        "@vue/runtime-dom": "3.2.30",
        "@vue/server-renderer": "3.2.30",
        "@vue/shared": "3.2.30"
      }
    },
    "vue-router": {
      "version": "4.0.12",
      "resolved": "https://registry.npmjs.org/vue-router/-/vue-router-4.0.12.tgz",
      "integrity": "sha512-CPXvfqe+mZLB1kBWssssTiWg4EQERyqJZes7USiqfW9B5N2x+nHlnsM1D3b5CaJ6qgCvMmYJnz+G0iWjNCvXrg==",
      "requires": {
        "@vue/devtools-api": "^6.0.0-beta.18"
      }
    }
  }
}
